
Microsoft Visual Studio Solution File, Format Version 12.00
# Visual Studio Version 17
VisualStudioVersion = 17.1.32228.430
MinimumVisualStudioVersion = 10.0.40219.1
Project("{FAE04EC0-301F-11D3-BF4B-00C04F79EFBC}") = "Spark", "Spark\Spark.csproj", "{20A8C910-E176-4D5C-A9C1-75BD8951EDDC}"
EndProject
Global
	GlobalSection(SolutionConfigurationPlatforms) = preSolution
		Debug|Any CPU = Debug|Any CPU
		Release|Any CPU = Release|Any CPU
	EndGlobalSection
	GlobalSection(ProjectConfigurationPlatforms) = postSolution
		{20A8C910-E176-4D5C-A9C1-75BD8951EDDC}.Debug|Any CPU.ActiveCfg = Debug|Any CPU
		{20A8C910-E176-4D5C-A9C1-75BD8951EDDC}.Debug|Any CPU.Build.0 = Debug|Any CPU
		{20A8C910-E176-4D5C-A9C1-75BD8951EDDC}.Release|Any CPU.ActiveCfg = Release|Any CPU
		{20A8C910-E176-4D5C-A9C1-75BD8951EDDC}.Release|Any CPU.Build.0 = Release|Any CPU
	EndGlobalSection
	GlobalSection(SolutionProperties) = preSolution
		HideSolutionNode = FALSE
	EndGlobalSection
	GlobalSection(ExtensibilityGlobals) = postSolution
		SolutionGuid = {002EB79D-3351-4BBD-8CC5-3409AF2467BF}
	EndGlobalSection
EndGlobal
