
Microsoft Visual Studio Solution File, Format Version 12.00
# Visual Studio Version 17
VisualStudioVersion = 17.1.32228.430
MinimumVisualStudioVersion = 10.0.40219.1
Project("{9A19103F-16F7-4668-BE54-9A1E7A4F7556}") = "Spark", "Spark\Spark.csproj", "{20A8C910-E176-4D5C-A9C1-75BD8951EDDC}"
	ProjectSection(ProjectDependencies) = postProject
		{A1CB3C96-85E4-4050-BD9C-781C1B1AA77F} = {A1CB3C96-85E4-4050-BD9C-781C1B1AA77F}
		{933F31E9-01EC-4ADB-85E3-518C23076951} = {933F31E9-01EC-4ADB-85E3-518C23076951}
	EndProjectSection
EndProject
Project("{FAE04EC0-301F-11D3-BF4B-00C04F79EFBC}") = "DatabaseLibrary", "DatabaseLibrary\DatabaseLibrary.csproj", "{A1CB3C96-85E4-4050-BD9C-781C1B1AA77F}"
	ProjectSection(ProjectDependencies) = postProject
		{933F31E9-01EC-4ADB-85E3-518C23076951} = {933F31E9-01EC-4ADB-85E3-518C23076951}
	EndProjectSection
EndProject
Project("{FAE04EC0-301F-11D3-BF4B-00C04F79EFBC}") = "BusinessLibrary", "BusinessLibrary\BusinessLibrary.csproj", "{933F31E9-01EC-4ADB-85E3-518C23076951}"
EndProject
Global
	GlobalSection(SolutionConfigurationPlatforms) = preSolution
		Debug|Any CPU = Debug|Any CPU
		Release|Any CPU = Release|Any CPU
	EndGlobalSection
	GlobalSection(ProjectConfigurationPlatforms) = postSolution
		{20A8C910-E176-4D5C-A9C1-75BD8951EDDC}.Debug|Any CPU.ActiveCfg = Debug|Any CPU
		{20A8C910-E176-4D5C-A9C1-75BD8951EDDC}.Debug|Any CPU.Build.0 = Debug|Any CPU
		{20A8C910-E176-4D5C-A9C1-75BD8951EDDC}.Release|Any CPU.ActiveCfg = Release|Any CPU
		{20A8C910-E176-4D5C-A9C1-75BD8951EDDC}.Release|Any CPU.Build.0 = Release|Any CPU
		{A1CB3C96-85E4-4050-BD9C-781C1B1AA77F}.Debug|Any CPU.ActiveCfg = Debug|Any CPU
		{A1CB3C96-85E4-4050-BD9C-781C1B1AA77F}.Debug|Any CPU.Build.0 = Debug|Any CPU
		{A1CB3C96-85E4-4050-BD9C-781C1B1AA77F}.Release|Any CPU.ActiveCfg = Release|Any CPU
		{A1CB3C96-85E4-4050-BD9C-781C1B1AA77F}.Release|Any CPU.Build.0 = Release|Any CPU
		{933F31E9-01EC-4ADB-85E3-518C23076951}.Debug|Any CPU.ActiveCfg = Debug|Any CPU
		{933F31E9-01EC-4ADB-85E3-518C23076951}.Debug|Any CPU.Build.0 = Debug|Any CPU
		{933F31E9-01EC-4ADB-85E3-518C23076951}.Release|Any CPU.ActiveCfg = Release|Any CPU
		{933F31E9-01EC-4ADB-85E3-518C23076951}.Release|Any CPU.Build.0 = Release|Any CPU
	EndGlobalSection
	GlobalSection(SolutionProperties) = preSolution
		HideSolutionNode = FALSE
	EndGlobalSection
	GlobalSection(ExtensibilityGlobals) = postSolution
		SolutionGuid = {002EB79D-3351-4BBD-8CC5-3409AF2467BF}
	EndGlobalSection
EndGlobal
